// !$*UTF8*$!
{
	archiveVersion = 1;
	classes = {
	};
	objectVersion = 77;
	objects = {

/* Begin PBXBuildFile section */
		0C36B77BA9EC36D9453FC839 /* PersistenceManager.swift in Sources */ = {isa = PBXBuildFile; fileRef = A455627E6CDC8A39C809EA58 /* PersistenceManager.swift */; };
		768691FDA46AEDAE10C4F75D /* PersistenceManagerTests.swift in Sources */ = {isa = PBXBuildFile; fileRef = 99F4CD5FDAAA30A1FC94669F /* PersistenceManagerTests.swift */; };
		BB3EADE292A5DCE2D48EAB62 /* AppDelegate.swift in Sources */ = {isa = PBXBuildFile; fileRef = 2754C50E24FB934CAE628A0B /* AppDelegate.swift */; };
/* End PBXBuildFile section */

/* Begin PBXContainerItemProxy section */
		047F75DBB99DFD43B06864F2 /* PBXContainerItemProxy */ = {
			isa = PBXContainerItemProxy;
			containerPortal = ECD6FD6082E61566DFB10C93 /* Project object */;
			proxyType = 1;
			remoteGlobalIDString = 89EE97C5471BC46E6563BDEC;
			remoteInfo = ClearText;
		};
/* End PBXContainerItemProxy section */

/* Begin PBXFileReference section */
		2754C50E24FB934CAE628A0B /* AppDelegate.swift */ = {isa = PBXFileReference; lastKnownFileType = sourcecode.swift; path = AppDelegate.swift; sourceTree = "<group>"; };
		32445EC3952922041FD55BB5 /* ClearText.app */ = {isa = PBXFileReference; explicitFileType = wrapper.application; includeInIndex = 0; path = ClearText.app; sourceTree = BUILT_PRODUCTS_DIR; };
		99F4CD5FDAAA30A1FC94669F /* PersistenceManagerTests.swift */ = {isa = PBXFileReference; lastKnownFileType = sourcecode.swift; path = PersistenceManagerTests.swift; sourceTree = "<group>"; };
		A455627E6CDC8A39C809EA58 /* PersistenceManager.swift */ = {isa = PBXFileReference; lastKnownFileType = sourcecode.swift; path = PersistenceManager.swift; sourceTree = "<group>"; };
		C0DD9D1C5B4D02065EFDD3D9 /* ClearText.entitlements */ = {isa = PBXFileReference; lastKnownFileType = text.plist.entitlements; path = ClearText.entitlements; sourceTree = "<group>"; };
		C5D6AD386BF5FD277BD0F7CC /* ClearTextTests.xctest */ = {isa = PBXFileReference; explicitFileType = wrapper.cfbundle; includeInIndex = 0; path = ClearTextTests.xctest; sourceTree = BUILT_PRODUCTS_DIR; };
		DBBCEAE17502496E80761C51 /* Info.plist */ = {isa = PBXFileReference; lastKnownFileType = text.plist; path = Info.plist; sourceTree = "<group>"; };
/* End PBXFileReference section */

/* Begin PBXGroup section */
		0788D3E1C3EF5EA67886DC09 /* ClearText */ = {
			isa = PBXGroup;
			children = (
				565AEAF29027EB3F54935327 /* App */,
				6248B47051A1F9658A1F0D04 /* Persistence */,
			);
			path = ClearText;
			sourceTree = "<group>";
		};
		565AEAF29027EB3F54935327 /* App */ = {
			isa = PBXGroup;
			children = (
				2754C50E24FB934CAE628A0B /* AppDelegate.swift */,
				C0DD9D1C5B4D02065EFDD3D9 /* ClearText.entitlements */,
				DBBCEAE17502496E80761C51 /* Info.plist */,
			);
			path = App;
			sourceTree = "<group>";
		};
		6248B47051A1F9658A1F0D04 /* Persistence */ = {
			isa = PBXGroup;
			children = (
				A455627E6CDC8A39C809EA58 /* PersistenceManager.swift */,
			);
			path = Persistence;
			sourceTree = "<group>";
		};
		6A3ACEB752E5BC77FE203FDE /* Tests */ = {
			isa = PBXGroup;
			children = (
				D49AE9C6F4CC7FF4A770F6C4 /* ClearTextTests */,
			);
			path = Tests;
			sourceTree = "<group>";
		};
		8289BC1D18E26993541F4C9F /* Sources */ = {
			isa = PBXGroup;
			children = (
				0788D3E1C3EF5EA67886DC09 /* ClearText */,
			);
			path = Sources;
			sourceTree = "<group>";
		};
		BCF2348EA737F1177A97AE52 = {
			isa = PBXGroup;
			children = (
				8289BC1D18E26993541F4C9F /* Sources */,
				6A3ACEB752E5BC77FE203FDE /* Tests */,
				D1BEF42C790B37A5BD1C894B /* Products */,
			);
			sourceTree = "<group>";
		};
		D1BEF42C790B37A5BD1C894B /* Products */ = {
			isa = PBXGroup;
			children = (
				32445EC3952922041FD55BB5 /* ClearText.app */,
				C5D6AD386BF5FD277BD0F7CC /* ClearTextTests.xctest */,
			);
			name = Products;
			sourceTree = "<group>";
		};
		D49AE9C6F4CC7FF4A770F6C4 /* ClearTextTests */ = {
			isa = PBXGroup;
			children = (
				99F4CD5FDAAA30A1FC94669F /* PersistenceManagerTests.swift */,
			);
			path = ClearTextTests;
			sourceTree = "<group>";
		};
/* End PBXGroup section */

/* Begin PBXNativeTarget section */
		0A2D2BF7A91545EFE9EFA7E7 /* ClearTextTests */ = {
			isa = PBXNativeTarget;
			buildConfigurationList = 49B7C34D13BD2ED0B242C3EC /* Build configuration list for PBXNativeTarget "ClearTextTests" */;
			buildPhases = (
				9E175ED9388970EB252B52D0 /* Sources */,
			);
			buildRules = (
			);
			dependencies = (
				5C410FF7E05CB5765BDFE6A9 /* PBXTargetDependency */,
			);
			name = ClearTextTests;
			packageProductDependencies = (
			);
			productName = ClearTextTests;
			productReference = C5D6AD386BF5FD277BD0F7CC /* ClearTextTests.xctest */;
			productType = "com.apple.product-type.bundle.unit-test";
		};
		89EE97C5471BC46E6563BDEC /* ClearText */ = {
			isa = PBXNativeTarget;
			buildConfigurationList = DADA479529720B2CB574F985 /* Build configuration list for PBXNativeTarget "ClearText" */;
			buildPhases = (
				345213A1858A6585E1A0218B /* Sources */,
			);
			buildRules = (
			);
			dependencies = (
			);
			name = ClearText;
			packageProductDependencies = (
			);
			productName = ClearText;
			productReference = 32445EC3952922041FD55BB5 /* ClearText.app */;
			productType = "com.apple.product-type.application";
		};
/* End PBXNativeTarget section */

/* Begin PBXProject section */
		ECD6FD6082E61566DFB10C93 /* Project object */ = {
			isa = PBXProject;
			attributes = {
				BuildIndependentTargetsInParallel = YES;
				LastUpgradeCheck = 2600;
			};
			buildConfigurationList = 66400B9D123FD4284461635D /* Build configuration list for PBXProject "ClearText" */;
			compatibilityVersion = "Xcode 14.0";
			developmentRegion = en;
			hasScannedForEncodings = 0;
			knownRegions = (
				Base,
				en,
			);
			mainGroup = BCF2348EA737F1177A97AE52;
			minimizedProjectReferenceProxies = 1;
			preferredProjectObjectVersion = 77;
			projectDirPath = "";
			projectRoot = "";
			targets = (
				89EE97C5471BC46E6563BDEC /* ClearText */,
				0A2D2BF7A91545EFE9EFA7E7 /* ClearTextTests */,
			);
		};
/* End PBXProject section */

/* Begin PBXSourcesBuildPhase section */
		345213A1858A6585E1A0218B /* Sources */ = {
			isa = PBXSourcesBuildPhase;
			buildActionMask = 2147483647;
			files = (
				BB3EADE292A5DCE2D48EAB62 /* AppDelegate.swift in Sources */,
				0C36B77BA9EC36D9453FC839 /* PersistenceManager.swift in Sources */,
			);
			runOnlyForDeploymentPostprocessing = 0;
		};
		9E175ED9388970EB252B52D0 /* Sources */ = {
			isa = PBXSourcesBuildPhase;
			buildActionMask = 2147483647;
			files = (
				768691FDA46AEDAE10C4F75D /* PersistenceManagerTests.swift in Sources */,
			);
			runOnlyForDeploymentPostprocessing = 0;
		};
/* End PBXSourcesBuildPhase section */

/* Begin PBXTargetDependency section */
		5C410FF7E05CB5765BDFE6A9 /* PBXTargetDependency */ = {
			isa = PBXTargetDependency;
			target = 89EE97C5471BC46E6563BDEC /* ClearText */;
			targetProxy = 047F75DBB99DFD43B06864F2 /* PBXContainerItemProxy */;
		};
/* End PBXTargetDependency section */

/* Begin XCBuildConfiguration section */
		00D082AFAAFBB0D911F46366 /* Debug */ = {
			isa = XCBuildConfiguration;
			buildSettings = {
				BUNDLE_LOADER = "$(TEST_HOST)";
				GENERATE_INFOPLIST_FILE = YES;
				MACOSX_DEPLOYMENT_TARGET = 26.0;
				PRODUCT_BUNDLE_IDENTIFIER = com.benji.ClearTextTests;
				PRODUCT_NAME = "$(TARGET_NAME)";
				SWIFT_VERSION = 6.0;
				TEST_HOST = "$(BUILT_PRODUCTS_DIR)/ClearText.app/Contents/MacOS/ClearText";
			};
			name = Debug;
		};
		275BA9D827D818E79C350FFF /* Release */ = {
			isa = XCBuildConfiguration;
			buildSettings = {
				BUNDLE_LOADER = "$(TEST_HOST)";
				GENERATE_INFOPLIST_FILE = YES;
				MACOSX_DEPLOYMENT_TARGET = 26.0;
				PRODUCT_BUNDLE_IDENTIFIER = com.benji.ClearTextTests;
				PRODUCT_NAME = "$(TARGET_NAME)";
				SWIFT_VERSION = 6.0;
				TEST_HOST = "$(BUILT_PRODUCTS_DIR)/ClearText.app/Contents/MacOS/ClearText";
			};
			name = Release;
		};
		41369F11E443177DFE3E68EE /* Debug */ = {
			isa = XCBuildConfiguration;
			buildSettings = {
				MACOSX_DEPLOYMENT_TARGET = 26.0;
				SDKROOT = macosx;
			};
			name = Debug;
		};
		5A0A440C49D13DA5832B3BD2 /* Release */ = {
			isa = XCBuildConfiguration;
			buildSettings = {
				ALWAYS_SEARCH_USER_PATHS = NO;
				CODE_SIGN_ENTITLEMENTS = Sources/ClearText/App/ClearText.entitlements;
				CURRENT_PROJECT_VERSION = 1;
				INFOPLIST_FILE = Sources/ClearText/App/Info.plist;
				MACOSX_DEPLOYMENT_TARGET = 26.0;
				MARKETING_VERSION = 1.0;
				PRODUCT_BUNDLE_IDENTIFIER = com.benji.ClearText;
				PRODUCT_NAME = "$(TARGET_NAME)";
				SWIFT_VERSION = 6.0;
			};
			name = Release;
		};
		689D2159A1EE77486ECDA4AE /* Release */ = {
			isa = XCBuildConfiguration;
			buildSettings = {
				MACOSX_DEPLOYMENT_TARGET = 26.0;
				SDKROOT = macosx;
			};
			name = Release;
		};
		F34CE812455DEBB16C7C76E4 /* Debug */ = {
			isa = XCBuildConfiguration;
			buildSettings = {
				ALWAYS_SEARCH_USER_PATHS = NO;
				CODE_SIGN_ENTITLEMENTS = Sources/ClearText/App/ClearText.entitlements;
				CURRENT_PROJECT_VERSION = 1;
				ENABLE_TESTABILITY = YES;
				INFOPLIST_FILE = Sources/ClearText/App/Info.plist;
				MACOSX_DEPLOYMENT_TARGET = 26.0;
				MARKETING_VERSION = 1.0;
				PRODUCT_BUNDLE_IDENTIFIER = com.benji.ClearText;
				PRODUCT_NAME = "$(TARGET_NAME)";
				SWIFT_VERSION = 6.0;
			};
			name = Debug;
		};
/* End XCBuildConfiguration section */

/* Begin XCConfigurationList section */
		49B7C34D13BD2ED0B242C3EC /* Build configuration list for PBXNativeTarget "ClearTextTests" */ = {
			isa = XCConfigurationList;
			buildConfigurations = (
				00D082AFAAFBB0D911F46366 /* Debug */,
				275BA9D827D818E79C350FFF /* Release */,
			);
			defaultConfigurationIsVisible = 0;
			defaultConfigurationName = Debug;
		};
		66400B9D123FD4284461635D /* Build configuration list for PBXProject "ClearText" */ = {
			isa = XCConfigurationList;
			buildConfigurations = (
				41369F11E443177DFE3E68EE /* Debug */,
				689D2159A1EE77486ECDA4AE /* Release */,
			);
			defaultConfigurationIsVisible = 0;
			defaultConfigurationName = Debug;
		};
		DADA479529720B2CB574F985 /* Build configuration list for PBXNativeTarget "ClearText" */ = {
			isa = XCConfigurationList;
			buildConfigurations = (
				F34CE812455DEBB16C7C76E4 /* Debug */,
				5A0A440C49D13DA5832B3BD2 /* Release */,
			);
			defaultConfigurationIsVisible = 0;
			defaultConfigurationName = Debug;
		};
/* End XCConfigurationList section */
	};
	rootObject = ECD6FD6082E61566DFB10C93 /* Project object */;
}
